
Microsoft Visual Studio Solution File, Format Version 12.00
# Visual Studio Version 16
VisualStudioVersion = 16.0.29709.97
MinimumVisualStudioVersion = 10.0.40219.1
Project("{FAE04EC0-301F-11D3-BF4B-00C04F79EFBC}") = "coauthor_networks", "coauthor_networks\coauthor_networks.csproj", "{F5FE7A55-FC6C-4BCE-97EA-000EDAFB89B6}"
EndProject
Global
	GlobalSection(SolutionConfigurationPlatforms) = preSolution
		Debug|Any CPU = Debug|Any CPU
		Release|Any CPU = Release|Any CPU
	EndGlobalSection
	GlobalSection(ProjectConfigurationPlatforms) = postSolution
		{F5FE7A55-FC6C-4BCE-97EA-000EDAFB89B6}.Debug|Any CPU.ActiveCfg = Debug|Any CPU
		{F5FE7A55-FC6C-4BCE-97EA-000EDAFB89B6}.Debug|Any CPU.Build.0 = Debug|Any CPU
		{F5FE7A55-FC6C-4BCE-97EA-000EDAFB89B6}.Release|Any CPU.ActiveCfg = Release|Any CPU
		{F5FE7A55-FC6C-4BCE-97EA-000EDAFB89B6}.Release|Any CPU.Build.0 = Release|Any CPU
	EndGlobalSection
	GlobalSection(SolutionProperties) = preSolution
		HideSolutionNode = FALSE
	EndGlobalSection
	GlobalSection(ExtensibilityGlobals) = postSolution
		SolutionGuid = {08879949-9C93-463E-B065-03D483DEAA9C}
	EndGlobalSection
EndGlobal
